
Microsoft Visual Studio Solution File, Format Version 12.00
# Visual Studio Version 17
VisualStudioVersion = 17.12.35527.113
MinimumVisualStudioVersion = 10.0.40219.1
Project("{FAE04EC0-301F-11D3-BF4B-00C04F79EFBC}") = "HydraHead", "..\HydraHead\HydraHead\HydraHead.csproj", "{2794C74F-DB00-48E0-9218-FCEB72FDDD51}"
EndProject
Project("{FAE04EC0-301F-11D3-BF4B-00C04F79EFBC}") = "HydraApi", "..\HydraApi\HydraApi\HydraApi.csproj", "{6E901A19-BD89-4541-B2F5-57B60B60C7B7}"
EndProject
Project("{FAE04EC0-301F-11D3-BF4B-00C04F79EFBC}") = "Library", "Library\Library.csproj", "{65805E00-1506-424F-B9CF-C10E42ECD536}"
EndProject
Project("{E53339B2-1760-4266-BCC7-CA923CBCF16C}") = "docker-compose", "docker-compose.dcproj", "{81DDED9D-158B-E303-5F62-77A2896D2A5A}"
EndProject
Global
	GlobalSection(SolutionConfigurationPlatforms) = preSolution
		Debug|Any CPU = Debug|Any CPU
		Release|Any CPU = Release|Any CPU
	EndGlobalSection
	GlobalSection(ProjectConfigurationPlatforms) = postSolution
		{2794C74F-DB00-48E0-9218-FCEB72FDDD51}.Debug|Any CPU.ActiveCfg = Debug|Any CPU
		{2794C74F-DB00-48E0-9218-FCEB72FDDD51}.Debug|Any CPU.Build.0 = Debug|Any CPU
		{2794C74F-DB00-48E0-9218-FCEB72FDDD51}.Release|Any CPU.ActiveCfg = Release|Any CPU
		{2794C74F-DB00-48E0-9218-FCEB72FDDD51}.Release|Any CPU.Build.0 = Release|Any CPU
		{6E901A19-BD89-4541-B2F5-57B60B60C7B7}.Debug|Any CPU.ActiveCfg = Debug|Any CPU
		{6E901A19-BD89-4541-B2F5-57B60B60C7B7}.Debug|Any CPU.Build.0 = Debug|Any CPU
		{6E901A19-BD89-4541-B2F5-57B60B60C7B7}.Release|Any CPU.ActiveCfg = Release|Any CPU
		{6E901A19-BD89-4541-B2F5-57B60B60C7B7}.Release|Any CPU.Build.0 = Release|Any CPU
		{65805E00-1506-424F-B9CF-C10E42ECD536}.Debug|Any CPU.ActiveCfg = Debug|Any CPU
		{65805E00-1506-424F-B9CF-C10E42ECD536}.Debug|Any CPU.Build.0 = Debug|Any CPU
		{65805E00-1506-424F-B9CF-C10E42ECD536}.Release|Any CPU.ActiveCfg = Release|Any CPU
		{65805E00-1506-424F-B9CF-C10E42ECD536}.Release|Any CPU.Build.0 = Release|Any CPU
		{81DDED9D-158B-E303-5F62-77A2896D2A5A}.Debug|Any CPU.ActiveCfg = Debug|Any CPU
		{81DDED9D-158B-E303-5F62-77A2896D2A5A}.Debug|Any CPU.Build.0 = Debug|Any CPU
		{81DDED9D-158B-E303-5F62-77A2896D2A5A}.Release|Any CPU.ActiveCfg = Release|Any CPU
		{81DDED9D-158B-E303-5F62-77A2896D2A5A}.Release|Any CPU.Build.0 = Release|Any CPU
	EndGlobalSection
	GlobalSection(SolutionProperties) = preSolution
		HideSolutionNode = FALSE
	EndGlobalSection
EndGlobal
